// !$*UTF8*$!
{
	archiveVersion = 1;
	classes = {
	};
	objectVersion = 56;
	objects = {

/* Begin PBXBuildFile section */
		A00152902B34094600970A20 /* MusicVideoSearchApp.swift in Sources */ = {isa = PBXBuildFile; fileRef = A001528F2B34094600970A20 /* MusicVideoSearchApp.swift */; };
		A00152922B34094600970A20 /* ContentView.swift in Sources */ = {isa = PBXBuildFile; fileRef = A00152912B34094600970A20 /* ContentView.swift */; };
		A00152942B34094700970A20 /* Assets.xcassets in Resources */ = {isa = PBXBuildFile; fileRef = A00152932B34094700970A20 /* Assets.xcassets */; };
		A00152972B34094700970A20 /* Preview Assets.xcassets in Resources */ = {isa = PBXBuildFile; fileRef = A00152962B34094700970A20 /* Preview Assets.xcassets */; };
		A00152AA2B340CB100970A20 /* NetworkService.swift in Sources */ = {isa = PBXBuildFile; fileRef = A00152A92B340CB100970A20 /* NetworkService.swift */; };
		A00152AC2B340D2000970A20 /* Endpoint.swift in Sources */ = {isa = PBXBuildFile; fileRef = A00152AB2B340D2000970A20 /* Endpoint.swift */; };
		A00152AE2B340D3600970A20 /* NetworkConfiguration.swift in Sources */ = {isa = PBXBuildFile; fileRef = A00152AD2B340D3600970A20 /* NetworkConfiguration.swift */; };
		A00152B02B340D5400970A20 /* DataTransferService.swift in Sources */ = {isa = PBXBuildFile; fileRef = A00152AF2B340D5400970A20 /* DataTransferService.swift */; };
		A00152B32B340D8500970A20 /* Dictionary.swift in Sources */ = {isa = PBXBuildFile; fileRef = A00152B22B340D8500970A20 /* Dictionary.swift */; };
		A00152B52B340D8C00970A20 /* Encodable.swift in Sources */ = {isa = PBXBuildFile; fileRef = A00152B42B340D8C00970A20 /* Encodable.swift */; };
		A00152BC2B340E3100970A20 /* MusicVideoSearchRepository.swift in Sources */ = {isa = PBXBuildFile; fileRef = A00152BB2B340E3100970A20 /* MusicVideoSearchRepository.swift */; };
		A00152BE2B340E4000970A20 /* DefaultMusicVideoSearchRepository.swift in Sources */ = {isa = PBXBuildFile; fileRef = A00152BD2B340E4000970A20 /* DefaultMusicVideoSearchRepository.swift */; };
		A00152C12B340E6200970A20 /* MusicVideoSearchUseCase.swift in Sources */ = {isa = PBXBuildFile; fileRef = A00152C02B340E6200970A20 /* MusicVideoSearchUseCase.swift */; };
		A00152C52B340E9900970A20 /* MusicVideoSearchView.swift in Sources */ = {isa = PBXBuildFile; fileRef = A00152C42B340E9900970A20 /* MusicVideoSearchView.swift */; };
		A00152C72B340EA500970A20 /* MusicVideoSearchViewModel.swift in Sources */ = {isa = PBXBuildFile; fileRef = A00152C62B340EA500970A20 /* MusicVideoSearchViewModel.swift */; };
		A00152CA2B3412AA00970A20 /* MusicVideo.swift in Sources */ = {isa = PBXBuildFile; fileRef = A00152C92B3412AA00970A20 /* MusicVideo.swift */; };
		A00152CC2B3412C000970A20 /* MusicVideoItemViewModel.swift in Sources */ = {isa = PBXBuildFile; fileRef = A00152CB2B3412C000970A20 /* MusicVideoItemViewModel.swift */; };
		A00152CF2B3414A400970A20 /* SceneDIContainer.swift in Sources */ = {isa = PBXBuildFile; fileRef = A00152CE2B3414A400970A20 /* SceneDIContainer.swift */; };
		A00152D12B3417EB00970A20 /* AppConfiguration.swift in Sources */ = {isa = PBXBuildFile; fileRef = A00152D02B3417EB00970A20 /* AppConfiguration.swift */; };
		A00152D42B34185400970A20 /* Constants.swift in Sources */ = {isa = PBXBuildFile; fileRef = A00152D32B34185400970A20 /* Constants.swift */; };
		A00152D62B34189D00970A20 /* MusicVideoDetailView.swift in Sources */ = {isa = PBXBuildFile; fileRef = A00152D52B34189D00970A20 /* MusicVideoDetailView.swift */; };
		A00152D82B34190A00970A20 /* AppDIContainer.swift in Sources */ = {isa = PBXBuildFile; fileRef = A00152D72B34190A00970A20 /* AppDIContainer.swift */; };
		A00152DA2B341B8200970A20 /* AppFlowCoordinator.swift in Sources */ = {isa = PBXBuildFile; fileRef = A00152D92B341B8200970A20 /* AppFlowCoordinator.swift */; };
		A04BE6162B3A671000E3945C /* MusicVideoDetailViewModel.swift in Sources */ = {isa = PBXBuildFile; fileRef = A04BE6152B3A671000E3945C /* MusicVideoDetailViewModel.swift */; };
		A0C857172B3500F500F90B22 /* MusicVideoResponseDTO.swift in Sources */ = {isa = PBXBuildFile; fileRef = A0C857162B3500F500F90B22 /* MusicVideoResponseDTO.swift */; };
		A0C857192B3500FD00F90B22 /* MusicVideoRequestDTO.swift in Sources */ = {isa = PBXBuildFile; fileRef = A0C857182B3500FD00F90B22 /* MusicVideoRequestDTO.swift */; };
		A0C8571B2B35023D00F90B22 /* APIEndpoints.swift in Sources */ = {isa = PBXBuildFile; fileRef = A0C8571A2B35023D00F90B22 /* APIEndpoints.swift */; };
		A0C8571D2B35037B00F90B22 /* MusicVideoQuery.swift in Sources */ = {isa = PBXBuildFile; fileRef = A0C8571C2B35037B00F90B22 /* MusicVideoQuery.swift */; };
/* End PBXBuildFile section */

/* Begin PBXFileReference section */
		A001528C2B34094600970A20 /* MusicVideoSearch.app */ = {isa = PBXFileReference; explicitFileType = wrapper.application; includeInIndex = 0; path = MusicVideoSearch.app; sourceTree = BUILT_PRODUCTS_DIR; };
		A001528F2B34094600970A20 /* MusicVideoSearchApp.swift */ = {isa = PBXFileReference; lastKnownFileType = sourcecode.swift; path = MusicVideoSearchApp.swift; sourceTree = "<group>"; };
		A00152912B34094600970A20 /* ContentView.swift */ = {isa = PBXFileReference; lastKnownFileType = sourcecode.swift; path = ContentView.swift; sourceTree = "<group>"; };
		A00152932B34094700970A20 /* Assets.xcassets */ = {isa = PBXFileReference; lastKnownFileType = folder.assetcatalog; path = Assets.xcassets; sourceTree = "<group>"; };
		A00152962B34094700970A20 /* Preview Assets.xcassets */ = {isa = PBXFileReference; lastKnownFileType = folder.assetcatalog; path = "Preview Assets.xcassets"; sourceTree = "<group>"; };
		A00152A92B340CB100970A20 /* NetworkService.swift */ = {isa = PBXFileReference; lastKnownFileType = sourcecode.swift; path = NetworkService.swift; sourceTree = "<group>"; };
		A00152AB2B340D2000970A20 /* Endpoint.swift */ = {isa = PBXFileReference; lastKnownFileType = sourcecode.swift; path = Endpoint.swift; sourceTree = "<group>"; };
		A00152AD2B340D3600970A20 /* NetworkConfiguration.swift */ = {isa = PBXFileReference; lastKnownFileType = sourcecode.swift; path = NetworkConfiguration.swift; sourceTree = "<group>"; };
		A00152AF2B340D5400970A20 /* DataTransferService.swift */ = {isa = PBXFileReference; lastKnownFileType = sourcecode.swift; path = DataTransferService.swift; sourceTree = "<group>"; };
		A00152B22B340D8500970A20 /* Dictionary.swift */ = {isa = PBXFileReference; lastKnownFileType = sourcecode.swift; path = Dictionary.swift; sourceTree = "<group>"; };
		A00152B42B340D8C00970A20 /* Encodable.swift */ = {isa = PBXFileReference; lastKnownFileType = sourcecode.swift; path = Encodable.swift; sourceTree = "<group>"; };
		A00152BB2B340E3100970A20 /* MusicVideoSearchRepository.swift */ = {isa = PBXFileReference; lastKnownFileType = sourcecode.swift; path = MusicVideoSearchRepository.swift; sourceTree = "<group>"; };
		A00152BD2B340E4000970A20 /* DefaultMusicVideoSearchRepository.swift */ = {isa = PBXFileReference; lastKnownFileType = sourcecode.swift; path = DefaultMusicVideoSearchRepository.swift; sourceTree = "<group>"; };
		A00152C02B340E6200970A20 /* MusicVideoSearchUseCase.swift */ = {isa = PBXFileReference; lastKnownFileType = sourcecode.swift; path = MusicVideoSearchUseCase.swift; sourceTree = "<group>"; };
		A00152C42B340E9900970A20 /* MusicVideoSearchView.swift */ = {isa = PBXFileReference; lastKnownFileType = sourcecode.swift; path = MusicVideoSearchView.swift; sourceTree = "<group>"; };
		A00152C62B340EA500970A20 /* MusicVideoSearchViewModel.swift */ = {isa = PBXFileReference; lastKnownFileType = sourcecode.swift; path = MusicVideoSearchViewModel.swift; sourceTree = "<group>"; };
		A00152C92B3412AA00970A20 /* MusicVideo.swift */ = {isa = PBXFileReference; lastKnownFileType = sourcecode.swift; path = MusicVideo.swift; sourceTree = "<group>"; };
		A00152CB2B3412C000970A20 /* MusicVideoItemViewModel.swift */ = {isa = PBXFileReference; lastKnownFileType = sourcecode.swift; path = MusicVideoItemViewModel.swift; sourceTree = "<group>"; };
		A00152CE2B3414A400970A20 /* SceneDIContainer.swift */ = {isa = PBXFileReference; lastKnownFileType = sourcecode.swift; path = SceneDIContainer.swift; sourceTree = "<group>"; };
		A00152D02B3417EB00970A20 /* AppConfiguration.swift */ = {isa = PBXFileReference; lastKnownFileType = sourcecode.swift; path = AppConfiguration.swift; sourceTree = "<group>"; };
		A00152D32B34185400970A20 /* Constants.swift */ = {isa = PBXFileReference; lastKnownFileType = sourcecode.swift; path = Constants.swift; sourceTree = "<group>"; };
		A00152D52B34189D00970A20 /* MusicVideoDetailView.swift */ = {isa = PBXFileReference; lastKnownFileType = sourcecode.swift; path = MusicVideoDetailView.swift; sourceTree = "<group>"; };
		A00152D72B34190A00970A20 /* AppDIContainer.swift */ = {isa = PBXFileReference; lastKnownFileType = sourcecode.swift; path = AppDIContainer.swift; sourceTree = "<group>"; };
		A00152D92B341B8200970A20 /* AppFlowCoordinator.swift */ = {isa = PBXFileReference; lastKnownFileType = sourcecode.swift; path = AppFlowCoordinator.swift; sourceTree = "<group>"; };
		A04BE6152B3A671000E3945C /* MusicVideoDetailViewModel.swift */ = {isa = PBXFileReference; lastKnownFileType = sourcecode.swift; path = MusicVideoDetailViewModel.swift; sourceTree = "<group>"; };
		A0C857162B3500F500F90B22 /* MusicVideoResponseDTO.swift */ = {isa = PBXFileReference; lastKnownFileType = sourcecode.swift; path = MusicVideoResponseDTO.swift; sourceTree = "<group>"; };
		A0C857182B3500FD00F90B22 /* MusicVideoRequestDTO.swift */ = {isa = PBXFileReference; lastKnownFileType = sourcecode.swift; path = MusicVideoRequestDTO.swift; sourceTree = "<group>"; };
		A0C8571A2B35023D00F90B22 /* APIEndpoints.swift */ = {isa = PBXFileReference; lastKnownFileType = sourcecode.swift; path = APIEndpoints.swift; sourceTree = "<group>"; };
		A0C8571C2B35037B00F90B22 /* MusicVideoQuery.swift */ = {isa = PBXFileReference; lastKnownFileType = sourcecode.swift; path = MusicVideoQuery.swift; sourceTree = "<group>"; };
/* End PBXFileReference section */

/* Begin PBXFrameworksBuildPhase section */
		A00152892B34094600970A20 /* Frameworks */ = {
			isa = PBXFrameworksBuildPhase;
			buildActionMask = 2147483647;
			files = (
			);
			runOnlyForDeploymentPostprocessing = 0;
		};
/* End PBXFrameworksBuildPhase section */

/* Begin PBXGroup section */
		A00152832B34094600970A20 = {
			isa = PBXGroup;
			children = (
				A001528E2B34094600970A20 /* MusicVideoSearch */,
				A001528D2B34094600970A20 /* Products */,
			);
			sourceTree = "<group>";
		};
		A001528D2B34094600970A20 /* Products */ = {
			isa = PBXGroup;
			children = (
				A001528C2B34094600970A20 /* MusicVideoSearch.app */,
			);
			name = Products;
			sourceTree = "<group>";
		};
		A001528E2B34094600970A20 /* MusicVideoSearch */ = {
			isa = PBXGroup;
			children = (
				A00152D22B34184C00970A20 /* Components */,
				A00152CD2B34144900970A20 /* Application */,
				A00152B82B340DD100970A20 /* Presentation */,
				A00152B72B340DC900970A20 /* Domain */,
				A00152B62B340DBB00970A20 /* Data */,
				A00152A72B340C6E00970A20 /* Infrastructure */,
				A00152B12B340D7800970A20 /* Extensions */,
				A00152932B34094700970A20 /* Assets.xcassets */,
				A00152952B34094700970A20 /* Preview Content */,
			);
			path = MusicVideoSearch;
			sourceTree = "<group>";
		};
		A00152952B34094700970A20 /* Preview Content */ = {
			isa = PBXGroup;
			children = (
				A00152962B34094700970A20 /* Preview Assets.xcassets */,
			);
			path = "Preview Content";
			sourceTree = "<group>";
		};
		A00152A72B340C6E00970A20 /* Infrastructure */ = {
			isa = PBXGroup;
			children = (
				A00152A82B340CA900970A20 /* Network */,
			);
			path = Infrastructure;
			sourceTree = "<group>";
		};
		A00152A82B340CA900970A20 /* Network */ = {
			isa = PBXGroup;
			children = (
				A00152A92B340CB100970A20 /* NetworkService.swift */,
				A00152AB2B340D2000970A20 /* Endpoint.swift */,
				A00152AD2B340D3600970A20 /* NetworkConfiguration.swift */,
				A00152AF2B340D5400970A20 /* DataTransferService.swift */,
			);
			path = Network;
			sourceTree = "<group>";
		};
		A00152B12B340D7800970A20 /* Extensions */ = {
			isa = PBXGroup;
			children = (
				A00152B22B340D8500970A20 /* Dictionary.swift */,
				A00152B42B340D8C00970A20 /* Encodable.swift */,
			);
			path = Extensions;
			sourceTree = "<group>";
		};
		A00152B62B340DBB00970A20 /* Data */ = {
			isa = PBXGroup;
			children = (
				A0C857142B3500D300F90B22 /* Network */,
				A00152B92B340DFF00970A20 /* Repository */,
			);
			path = Data;
			sourceTree = "<group>";
		};
		A00152B72B340DC900970A20 /* Domain */ = {
			isa = PBXGroup;
			children = (
				A00152C82B3412A100970A20 /* Entity */,
				A00152BF2B340E5800970A20 /* UseCase */,
				A00152BA2B340E2200970A20 /* Interfaces */,
			);
			path = Domain;
			sourceTree = "<group>";
		};
		A00152B82B340DD100970A20 /* Presentation */ = {
			isa = PBXGroup;
			children = (
				A00152912B34094600970A20 /* ContentView.swift */,
				A00152C22B340E6500970A20 /* MusicVideoSearchView */,
				A00152C32B340E7A00970A20 /* MusicVideoDetailVIew */,
			);
			path = Presentation;
			sourceTree = "<group>";
		};
		A00152B92B340DFF00970A20 /* Repository */ = {
			isa = PBXGroup;
			children = (
				A00152BD2B340E4000970A20 /* DefaultMusicVideoSearchRepository.swift */,
			);
			path = Repository;
			sourceTree = "<group>";
		};
		A00152BA2B340E2200970A20 /* Interfaces */ = {
			isa = PBXGroup;
			children = (
				A00152BB2B340E3100970A20 /* MusicVideoSearchRepository.swift */,
			);
			path = Interfaces;
			sourceTree = "<group>";
		};
		A00152BF2B340E5800970A20 /* UseCase */ = {
			isa = PBXGroup;
			children = (
				A00152C02B340E6200970A20 /* MusicVideoSearchUseCase.swift */,
			);
			path = UseCase;
			sourceTree = "<group>";
		};
		A00152C22B340E6500970A20 /* MusicVideoSearchView */ = {
			isa = PBXGroup;
			children = (
				A00152C42B340E9900970A20 /* MusicVideoSearchView.swift */,
				A00152C62B340EA500970A20 /* MusicVideoSearchViewModel.swift */,
				A00152CB2B3412C000970A20 /* MusicVideoItemViewModel.swift */,
			);
			path = MusicVideoSearchView;
			sourceTree = "<group>";
		};
		A00152C32B340E7A00970A20 /* MusicVideoDetailVIew */ = {
			isa = PBXGroup;
			children = (
				A00152D52B34189D00970A20 /* MusicVideoDetailView.swift */,
				A04BE6152B3A671000E3945C /* MusicVideoDetailViewModel.swift */,
			);
			path = MusicVideoDetailVIew;
			sourceTree = "<group>";
		};
		A00152C82B3412A100970A20 /* Entity */ = {
			isa = PBXGroup;
			children = (
				A00152C92B3412AA00970A20 /* MusicVideo.swift */,
				A0C8571C2B35037B00F90B22 /* MusicVideoQuery.swift */,
			);
			path = Entity;
			sourceTree = "<group>";
		};
		A00152CD2B34144900970A20 /* Application */ = {
			isa = PBXGroup;
			children = (
				A001528F2B34094600970A20 /* MusicVideoSearchApp.swift */,
				A00152CE2B3414A400970A20 /* SceneDIContainer.swift */,
				A00152D02B3417EB00970A20 /* AppConfiguration.swift */,
				A00152D72B34190A00970A20 /* AppDIContainer.swift */,
				A00152D92B341B8200970A20 /* AppFlowCoordinator.swift */,
			);
			path = Application;
			sourceTree = "<group>";
		};
		A00152D22B34184C00970A20 /* Components */ = {
			isa = PBXGroup;
			children = (
				A00152D32B34185400970A20 /* Constants.swift */,
			);
			path = Components;
			sourceTree = "<group>";
		};
		A0C857142B3500D300F90B22 /* Network */ = {
			isa = PBXGroup;
			children = (
				A0C857152B3500E700F90B22 /* MusicVideoDTO */,
				A0C8571A2B35023D00F90B22 /* APIEndpoints.swift */,
			);
			path = Network;
			sourceTree = "<group>";
		};
		A0C857152B3500E700F90B22 /* MusicVideoDTO */ = {
			isa = PBXGroup;
			children = (
				A0C857162B3500F500F90B22 /* MusicVideoResponseDTO.swift */,
				A0C857182B3500FD00F90B22 /* MusicVideoRequestDTO.swift */,
			);
			path = MusicVideoDTO;
			sourceTree = "<group>";
		};
/* End PBXGroup section */

/* Begin PBXNativeTarget section */
		A001528B2B34094600970A20 /* MusicVideoSearch */ = {
			isa = PBXNativeTarget;
			buildConfigurationList = A001529A2B34094700970A20 /* Build configuration list for PBXNativeTarget "MusicVideoSearch" */;
			buildPhases = (
				A00152882B34094600970A20 /* Sources */,
				A00152892B34094600970A20 /* Frameworks */,
				A001528A2B34094600970A20 /* Resources */,
			);
			buildRules = (
			);
			dependencies = (
			);
			name = MusicVideoSearch;
			productName = MusicVideoSearch;
			productReference = A001528C2B34094600970A20 /* MusicVideoSearch.app */;
			productType = "com.apple.product-type.application";
		};
/* End PBXNativeTarget section */

/* Begin PBXProject section */
		A00152842B34094600970A20 /* Project object */ = {
			isa = PBXProject;
			attributes = {
				BuildIndependentTargetsInParallel = 1;
				LastSwiftUpdateCheck = 1500;
				LastUpgradeCheck = 1500;
				TargetAttributes = {
					A001528B2B34094600970A20 = {
						CreatedOnToolsVersion = 15.0;
					};
				};
			};
			buildConfigurationList = A00152872B34094600970A20 /* Build configuration list for PBXProject "MusicVideoSearch" */;
			compatibilityVersion = "Xcode 14.0";
			developmentRegion = en;
			hasScannedForEncodings = 0;
			knownRegions = (
				en,
				Base,
			);
			mainGroup = A00152832B34094600970A20;
			productRefGroup = A001528D2B34094600970A20 /* Products */;
			projectDirPath = "";
			projectRoot = "";
			targets = (
				A001528B2B34094600970A20 /* MusicVideoSearch */,
			);
		};
/* End PBXProject section */

/* Begin PBXResourcesBuildPhase section */
		A001528A2B34094600970A20 /* Resources */ = {
			isa = PBXResourcesBuildPhase;
			buildActionMask = 2147483647;
			files = (
				A00152972B34094700970A20 /* Preview Assets.xcassets in Resources */,
				A00152942B34094700970A20 /* Assets.xcassets in Resources */,
			);
			runOnlyForDeploymentPostprocessing = 0;
		};
/* End PBXResourcesBuildPhase section */

/* Begin PBXSourcesBuildPhase section */
		A00152882B34094600970A20 /* Sources */ = {
			isa = PBXSourcesBuildPhase;
			buildActionMask = 2147483647;
			files = (
				A0C8571B2B35023D00F90B22 /* APIEndpoints.swift in Sources */,
				A00152B02B340D5400970A20 /* DataTransferService.swift in Sources */,
				A00152CA2B3412AA00970A20 /* MusicVideo.swift in Sources */,
				A00152D62B34189D00970A20 /* MusicVideoDetailView.swift in Sources */,
				A00152BC2B340E3100970A20 /* MusicVideoSearchRepository.swift in Sources */,
				A00152D12B3417EB00970A20 /* AppConfiguration.swift in Sources */,
				A00152C52B340E9900970A20 /* MusicVideoSearchView.swift in Sources */,
				A0C8571D2B35037B00F90B22 /* MusicVideoQuery.swift in Sources */,
				A00152922B34094600970A20 /* ContentView.swift in Sources */,
				A0C857172B3500F500F90B22 /* MusicVideoResponseDTO.swift in Sources */,
				A00152BE2B340E4000970A20 /* DefaultMusicVideoSearchRepository.swift in Sources */,
				A00152CC2B3412C000970A20 /* MusicVideoItemViewModel.swift in Sources */,
				A00152C72B340EA500970A20 /* MusicVideoSearchViewModel.swift in Sources */,
				A04BE6162B3A671000E3945C /* MusicVideoDetailViewModel.swift in Sources */,
				A00152DA2B341B8200970A20 /* AppFlowCoordinator.swift in Sources */,
				A00152AE2B340D3600970A20 /* NetworkConfiguration.swift in Sources */,
				A00152AA2B340CB100970A20 /* NetworkService.swift in Sources */,
				A00152D82B34190A00970A20 /* AppDIContainer.swift in Sources */,
				A00152D42B34185400970A20 /* Constants.swift in Sources */,
				A00152C12B340E6200970A20 /* MusicVideoSearchUseCase.swift in Sources */,
				A00152B32B340D8500970A20 /* Dictionary.swift in Sources */,
				A00152AC2B340D2000970A20 /* Endpoint.swift in Sources */,
				A00152902B34094600970A20 /* MusicVideoSearchApp.swift in Sources */,
				A0C857192B3500FD00F90B22 /* MusicVideoRequestDTO.swift in Sources */,
				A00152B52B340D8C00970A20 /* Encodable.swift in Sources */,
				A00152CF2B3414A400970A20 /* SceneDIContainer.swift in Sources */,
			);
			runOnlyForDeploymentPostprocessing = 0;
		};
/* End PBXSourcesBuildPhase section */

/* Begin XCBuildConfiguration section */
		A00152982B34094700970A20 /* Debug */ = {
			isa = XCBuildConfiguration;
			buildSettings = {
				ALWAYS_SEARCH_USER_PATHS = NO;
				ASSETCATALOG_COMPILER_GENERATE_SWIFT_ASSET_SYMBOL_EXTENSIONS = YES;
				CLANG_ANALYZER_NONNULL = YES;
				CLANG_ANALYZER_NUMBER_OBJECT_CONVERSION = YES_AGGRESSIVE;
				CLANG_CXX_LANGUAGE_STANDARD = "gnu++20";
				CLANG_ENABLE_MODULES = YES;
				CLANG_ENABLE_OBJC_ARC = YES;
				CLANG_ENABLE_OBJC_WEAK = YES;
				CLANG_WARN_BLOCK_CAPTURE_AUTORELEASING = YES;
				CLANG_WARN_BOOL_CONVERSION = YES;
				CLANG_WARN_COMMA = YES;
				CLANG_WARN_CONSTANT_CONVERSION = YES;
				CLANG_WARN_DEPRECATED_OBJC_IMPLEMENTATIONS = YES;
				CLANG_WARN_DIRECT_OBJC_ISA_USAGE = YES_ERROR;
				CLANG_WARN_DOCUMENTATION_COMMENTS = YES;
				CLANG_WARN_EMPTY_BODY = YES;
				CLANG_WARN_ENUM_CONVERSION = YES;
				CLANG_WARN_INFINITE_RECURSION = YES;
				CLANG_WARN_INT_CONVERSION = YES;
				CLANG_WARN_NON_LITERAL_NULL_CONVERSION = YES;
				CLANG_WARN_OBJC_IMPLICIT_RETAIN_SELF = YES;
				CLANG_WARN_OBJC_LITERAL_CONVERSION = YES;
				CLANG_WARN_OBJC_ROOT_CLASS = YES_ERROR;
				CLANG_WARN_QUOTED_INCLUDE_IN_FRAMEWORK_HEADER = YES;
				CLANG_WARN_RANGE_LOOP_ANALYSIS = YES;
				CLANG_WARN_STRICT_PROTOTYPES = YES;
				CLANG_WARN_SUSPICIOUS_MOVE = YES;
				CLANG_WARN_UNGUARDED_AVAILABILITY = YES_AGGRESSIVE;
				CLANG_WARN_UNREACHABLE_CODE = YES;
				CLANG_WARN__DUPLICATE_METHOD_MATCH = YES;
				COPY_PHASE_STRIP = NO;
				DEBUG_INFORMATION_FORMAT = dwarf;
				ENABLE_STRICT_OBJC_MSGSEND = YES;
				ENABLE_TESTABILITY = YES;
				ENABLE_USER_SCRIPT_SANDBOXING = YES;
				GCC_C_LANGUAGE_STANDARD = gnu17;
				GCC_DYNAMIC_NO_PIC = NO;
				GCC_NO_COMMON_BLOCKS = YES;
				GCC_OPTIMIZATION_LEVEL = 0;
				GCC_PREPROCESSOR_DEFINITIONS = (
					"DEBUG=1",
					"$(inherited)",
				);
				GCC_WARN_64_TO_32_BIT_CONVERSION = YES;
				GCC_WARN_ABOUT_RETURN_TYPE = YES_ERROR;
				GCC_WARN_UNDECLARED_SELECTOR = YES;
				GCC_WARN_UNINITIALIZED_AUTOS = YES_AGGRESSIVE;
				GCC_WARN_UNUSED_FUNCTION = YES;
				GCC_WARN_UNUSED_VARIABLE = YES;
				IPHONEOS_DEPLOYMENT_TARGET = 17.0;
				LOCALIZATION_PREFERS_STRING_CATALOGS = YES;
				MTL_ENABLE_DEBUG_INFO = INCLUDE_SOURCE;
				MTL_FAST_MATH = YES;
				ONLY_ACTIVE_ARCH = YES;
				SDKROOT = iphoneos;
				SWIFT_ACTIVE_COMPILATION_CONDITIONS = "DEBUG $(inherited)";
				SWIFT_OPTIMIZATION_LEVEL = "-Onone";
			};
			name = Debug;
		};
		A00152992B34094700970A20 /* Release */ = {
			isa = XCBuildConfiguration;
			buildSettings = {
				ALWAYS_SEARCH_USER_PATHS = NO;
				ASSETCATALOG_COMPILER_GENERATE_SWIFT_ASSET_SYMBOL_EXTENSIONS = YES;
				CLANG_ANALYZER_NONNULL = YES;
				CLANG_ANALYZER_NUMBER_OBJECT_CONVERSION = YES_AGGRESSIVE;
				CLANG_CXX_LANGUAGE_STANDARD = "gnu++20";
				CLANG_ENABLE_MODULES = YES;
				CLANG_ENABLE_OBJC_ARC = YES;
				CLANG_ENABLE_OBJC_WEAK = YES;
				CLANG_WARN_BLOCK_CAPTURE_AUTORELEASING = YES;
				CLANG_WARN_BOOL_CONVERSION = YES;
				CLANG_WARN_COMMA = YES;
				CLANG_WARN_CONSTANT_CONVERSION = YES;
				CLANG_WARN_DEPRECATED_OBJC_IMPLEMENTATIONS = YES;
				CLANG_WARN_DIRECT_OBJC_ISA_USAGE = YES_ERROR;
				CLANG_WARN_DOCUMENTATION_COMMENTS = YES;
				CLANG_WARN_EMPTY_BODY = YES;
				CLANG_WARN_ENUM_CONVERSION = YES;
				CLANG_WARN_INFINITE_RECURSION = YES;
				CLANG_WARN_INT_CONVERSION = YES;
				CLANG_WARN_NON_LITERAL_NULL_CONVERSION = YES;
				CLANG_WARN_OBJC_IMPLICIT_RETAIN_SELF = YES;
				CLANG_WARN_OBJC_LITERAL_CONVERSION = YES;
				CLANG_WARN_OBJC_ROOT_CLASS = YES_ERROR;
				CLANG_WARN_QUOTED_INCLUDE_IN_FRAMEWORK_HEADER = YES;
				CLANG_WARN_RANGE_LOOP_ANALYSIS = YES;
				CLANG_WARN_STRICT_PROTOTYPES = YES;
				CLANG_WARN_SUSPICIOUS_MOVE = YES;
				CLANG_WARN_UNGUARDED_AVAILABILITY = YES_AGGRESSIVE;
				CLANG_WARN_UNREACHABLE_CODE = YES;
				CLANG_WARN__DUPLICATE_METHOD_MATCH = YES;
				COPY_PHASE_STRIP = NO;
				DEBUG_INFORMATION_FORMAT = "dwarf-with-dsym";
				ENABLE_NS_ASSERTIONS = NO;
				ENABLE_STRICT_OBJC_MSGSEND = YES;
				ENABLE_USER_SCRIPT_SANDBOXING = YES;
				GCC_C_LANGUAGE_STANDARD = gnu17;
				GCC_NO_COMMON_BLOCKS = YES;
				GCC_WARN_64_TO_32_BIT_CONVERSION = YES;
				GCC_WARN_ABOUT_RETURN_TYPE = YES_ERROR;
				GCC_WARN_UNDECLARED_SELECTOR = YES;
				GCC_WARN_UNINITIALIZED_AUTOS = YES_AGGRESSIVE;
				GCC_WARN_UNUSED_FUNCTION = YES;
				GCC_WARN_UNUSED_VARIABLE = YES;
				IPHONEOS_DEPLOYMENT_TARGET = 17.0;
				LOCALIZATION_PREFERS_STRING_CATALOGS = YES;
				MTL_ENABLE_DEBUG_INFO = NO;
				MTL_FAST_MATH = YES;
				SDKROOT = iphoneos;
				SWIFT_COMPILATION_MODE = wholemodule;
				VALIDATE_PRODUCT = YES;
			};
			name = Release;
		};
		A001529B2B34094700970A20 /* Debug */ = {
			isa = XCBuildConfiguration;
			buildSettings = {
				ASSETCATALOG_COMPILER_APPICON_NAME = AppIcon;
				ASSETCATALOG_COMPILER_GLOBAL_ACCENT_COLOR_NAME = AccentColor;
				CODE_SIGN_STYLE = Automatic;
				CURRENT_PROJECT_VERSION = 1;
				DEVELOPMENT_ASSET_PATHS = "\"MusicVideoSearch/Preview Content\"";
				DEVELOPMENT_TEAM = 3ZJJVW89MW;
				ENABLE_PREVIEWS = YES;
				GENERATE_INFOPLIST_FILE = YES;
				INFOPLIST_KEY_UIApplicationSceneManifest_Generation = YES;
				INFOPLIST_KEY_UIApplicationSupportsIndirectInputEvents = YES;
				INFOPLIST_KEY_UILaunchScreen_Generation = YES;
				INFOPLIST_KEY_UISupportedInterfaceOrientations_iPad = "UIInterfaceOrientationPortrait UIInterfaceOrientationPortraitUpsideDown UIInterfaceOrientationLandscapeLeft UIInterfaceOrientationLandscapeRight";
				INFOPLIST_KEY_UISupportedInterfaceOrientations_iPhone = "UIInterfaceOrientationPortrait UIInterfaceOrientationLandscapeLeft UIInterfaceOrientationLandscapeRight";
				LD_RUNPATH_SEARCH_PATHS = (
					"$(inherited)",
					"@executable_path/Frameworks",
				);
				MARKETING_VERSION = 1.0;
				PRODUCT_BUNDLE_IDENTIFIER = com.horus222128.MusicVideoSearch;
				PRODUCT_NAME = "$(TARGET_NAME)";
				SUPPORTED_PLATFORMS = "iphoneos iphonesimulator";
				SUPPORTS_MACCATALYST = NO;
				SUPPORTS_MAC_DESIGNED_FOR_IPHONE_IPAD = NO;
				SWIFT_EMIT_LOC_STRINGS = YES;
				SWIFT_VERSION = 5.0;
				TARGETED_DEVICE_FAMILY = 1;
			};
			name = Debug;
		};
		A001529C2B34094700970A20 /* Release */ = {
			isa = XCBuildConfiguration;
			buildSettings = {
				ASSETCATALOG_COMPILER_APPICON_NAME = AppIcon;
				ASSETCATALOG_COMPILER_GLOBAL_ACCENT_COLOR_NAME = AccentColor;
				CODE_SIGN_STYLE = Automatic;
				CURRENT_PROJECT_VERSION = 1;
				DEVELOPMENT_ASSET_PATHS = "\"MusicVideoSearch/Preview Content\"";
				DEVELOPMENT_TEAM = 3ZJJVW89MW;
				ENABLE_PREVIEWS = YES;
				GENERATE_INFOPLIST_FILE = YES;
				INFOPLIST_KEY_UIApplicationSceneManifest_Generation = YES;
				INFOPLIST_KEY_UIApplicationSupportsIndirectInputEvents = YES;
				INFOPLIST_KEY_UILaunchScreen_Generation = YES;
				INFOPLIST_KEY_UISupportedInterfaceOrientations_iPad = "UIInterfaceOrientationPortrait UIInterfaceOrientationPortraitUpsideDown UIInterfaceOrientationLandscapeLeft UIInterfaceOrientationLandscapeRight";
				INFOPLIST_KEY_UISupportedInterfaceOrientations_iPhone = "UIInterfaceOrientationPortrait UIInterfaceOrientationLandscapeLeft UIInterfaceOrientationLandscapeRight";
				LD_RUNPATH_SEARCH_PATHS = (
					"$(inherited)",
					"@executable_path/Frameworks",
				);
				MARKETING_VERSION = 1.0;
				PRODUCT_BUNDLE_IDENTIFIER = com.horus222128.MusicVideoSearch;
				PRODUCT_NAME = "$(TARGET_NAME)";
				SUPPORTED_PLATFORMS = "iphoneos iphonesimulator";
				SUPPORTS_MACCATALYST = NO;
				SUPPORTS_MAC_DESIGNED_FOR_IPHONE_IPAD = NO;
				SWIFT_EMIT_LOC_STRINGS = YES;
				SWIFT_VERSION = 5.0;
				TARGETED_DEVICE_FAMILY = 1;
			};
			name = Release;
		};
/* End XCBuildConfiguration section */

/* Begin XCConfigurationList section */
		A00152872B34094600970A20 /* Build configuration list for PBXProject "MusicVideoSearch" */ = {
			isa = XCConfigurationList;
			buildConfigurations = (
				A00152982B34094700970A20 /* Debug */,
				A00152992B34094700970A20 /* Release */,
			);
			defaultConfigurationIsVisible = 0;
			defaultConfigurationName = Release;
		};
		A001529A2B34094700970A20 /* Build configuration list for PBXNativeTarget "MusicVideoSearch" */ = {
			isa = XCConfigurationList;
			buildConfigurations = (
				A001529B2B34094700970A20 /* Debug */,
				A001529C2B34094700970A20 /* Release */,
			);
			defaultConfigurationIsVisible = 0;
			defaultConfigurationName = Release;
		};
/* End XCConfigurationList section */
	};
	rootObject = A00152842B34094600970A20 /* Project object */;
}
